
Microsoft Visual Studio Solution File, Format Version 12.00
# Visual Studio Version 17
VisualStudioVersion = 17.5.33627.172
MinimumVisualStudioVersion = 10.0.40219.1
Project("{FAE04EC0-301F-11D3-BF4B-00C04F79EFBC}") = "EscapeGame", "EscapeGame\EscapeGame.csproj", "{74453296-C254-4C5E-8A2D-0CC227E84DBA}"
EndProject
Project("{FAE04EC0-301F-11D3-BF4B-00C04F79EFBC}") = "GraphEG.Core", "Core\GraphEG.Core.csproj", "{7E50BAE2-110C-48AA-B77E-77A178165C1F}"
EndProject
Global
	GlobalSection(SolutionConfigurationPlatforms) = preSolution
		Debug|Any CPU = Debug|Any CPU
		Release|Any CPU = Release|Any CPU
	EndGlobalSection
	GlobalSection(ProjectConfigurationPlatforms) = postSolution
		{74453296-C254-4C5E-8A2D-0CC227E84DBA}.Debug|Any CPU.ActiveCfg = Debug|Any CPU
		{74453296-C254-4C5E-8A2D-0CC227E84DBA}.Debug|Any CPU.Build.0 = Debug|Any CPU
		{74453296-C254-4C5E-8A2D-0CC227E84DBA}.Release|Any CPU.ActiveCfg = Release|Any CPU
		{74453296-C254-4C5E-8A2D-0CC227E84DBA}.Release|Any CPU.Build.0 = Release|Any CPU
		{7E50BAE2-110C-48AA-B77E-77A178165C1F}.Debug|Any CPU.ActiveCfg = Debug|Any CPU
		{7E50BAE2-110C-48AA-B77E-77A178165C1F}.Debug|Any CPU.Build.0 = Debug|Any CPU
		{7E50BAE2-110C-48AA-B77E-77A178165C1F}.Release|Any CPU.ActiveCfg = Release|Any CPU
		{7E50BAE2-110C-48AA-B77E-77A178165C1F}.Release|Any CPU.Build.0 = Release|Any CPU
	EndGlobalSection
	GlobalSection(SolutionProperties) = preSolution
		HideSolutionNode = FALSE
	EndGlobalSection
	GlobalSection(ExtensibilityGlobals) = postSolution
		SolutionGuid = {22DCFE1B-E9BB-4228-9155-C894A718B401}
	EndGlobalSection
EndGlobal
